{
  "version": 4,
  "terraform_version": "0.12.0",
  "serial": 38,
  "lineage": "f0caff92-75fe-66eb-bf1b-ba00eaba4437",
  "outputs": {
    "ip": {
      "value": "35.202.9.191",
      "type": "string"
    }
  },
  "resources": [
    {
      "mode": "managed",
      "type": "google_compute_firewall",
      "name": "default",
      "provider": "provider.google",
      "instances": [
        {
          "schema_version": 1,
          "attributes": {
            "allow": [
              {
                "ports": [
                  "8080"
                ],
                "protocol": "tcp"
              }
            ],
            "creation_timestamp": "2019-07-13T05:31:18.857-07:00",
            "deny": [],
            "description": "",
            "destination_ranges": [],
            "direction": "INGRESS",
            "disabled": false,
            "id": "gdg-kolachi-2019",
            "name": "gdg-kolachi-2019",
            "network": "https://www.googleapis.com/compute/v1/projects/gdg-kolachi-2019/global/networks/default",
            "priority": 1000,
            "project": "gdg-kolachi-2019",
            "self_link": "https://www.googleapis.com/compute/v1/projects/gdg-kolachi-2019/global/firewalls/gdg-kolachi-2019",
            "source_ranges": [
              "0.0.0.0/0"
            ],
            "source_service_accounts": [],
            "source_tags": [],
            "target_service_accounts": [],
            "target_tags": [],
            "timeouts": null
          }
        }
      ]
    },
    {
      "mode": "managed",
      "type": "google_compute_instance",
      "name": "default",
      "provider": "provider.google",
      "instances": [
        {
          "schema_version": 6,
          "attributes": {
            "allow_stopping_for_update": null,
            "attached_disk": [],
            "boot_disk": [
              {
                "auto_delete": true,
                "device_name": "persistent-disk-0",
                "disk_encryption_key_raw": "",
                "disk_encryption_key_sha256": "",
                "initialize_params": [
                  {
                    "image": "https://www.googleapis.com/compute/v1/projects/ubuntu-os-cloud/global/images/ubuntu-1804-bionic-v20190628",
                    "size": 10,
                    "type": "pd-standard"
                  }
                ],
                "kms_key_self_link": "",
                "source": "https://www.googleapis.com/compute/v1/projects/gdg-kolachi-2019/zones/us-central1-a/disks/gdg-kolachi-2019"
              }
            ],
            "can_ip_forward": false,
            "cpu_platform": "Intel Haswell",
            "deletion_protection": false,
            "description": null,
            "disk": [],
            "guest_accelerator": [],
            "hostname": "",
            "id": "gdg-kolachi-2019",
            "instance_id": "7487541958202912292",
            "label_fingerprint": "42WmSpB8rSM=",
            "labels": null,
            "machine_type": "f1-micro",
            "metadata": {
              "name": "gdg-kolachi-2019",
              "ssh-keys": "ubuntu:ssh-rsa AAAAB3NzaC1yc2EAAAADAQABAAABAQDLDc2OEAwFZTFhSHjdxomGLGK76nlvdv52b2A2bXNpvX7uclyS1nd+2ZYASoIaXDiirneZU9Qs1Pyy0SXwS0IWSI9qYV4p1igUxjwly6VHOXnQ23Jz85+6tBGSX8nv4Qt04ZBK6luzSzBX8FkPcnZ73njMWrLzmld3U1s+jRLy8qPEp5wOOGqcccJDgqKRNncenlGuVTl+GVxCps+Qi954gmTOzfB01ybGk4fB7dVOwiYaiYB/z7cchZ2h3xV5ET6/MpIEo0WX88Q7SZaz4irYqdbiR9KdEadCeUfO8QlMBYc+Az06K5b9fu53zDbN4oteiNJkxcyl1EobYEphBR/N sam_sarmad@hotmail.com\n"
            },
            "metadata_fingerprint": "LYu8jv4VunM=",
            "metadata_startup_script": "#!/bin/bash\necho \"Hello, GDG Kolachi 2019\" \u003e index.html\nnohup busybox httpd -f -p 8080 \u0026\n",
            "min_cpu_platform": "",
            "name": "gdg-kolachi-2019",
            "network_interface": [
              {
                "access_config": [
                  {
                    "assigned_nat_ip": "",
                    "nat_ip": "35.202.9.191",
                    "network_tier": "PREMIUM",
                    "public_ptr_domain_name": ""
                  }
                ],
                "address": "",
                "alias_ip_range": [],
                "name": "nic0",
                "network": "https://www.googleapis.com/compute/v1/projects/gdg-kolachi-2019/global/networks/default",
                "network_ip": "10.128.0.9",
                "subnetwork": "https://www.googleapis.com/compute/v1/projects/gdg-kolachi-2019/regions/us-central1/subnetworks/default",
                "subnetwork_project": "gdg-kolachi-2019"
              }
            ],
            "project": "gdg-kolachi-2019",
            "scheduling": [
              {
                "automatic_restart": true,
                "node_affinities": [],
                "on_host_maintenance": "MIGRATE",
                "preemptible": false
              }
            ],
            "scratch_disk": [],
            "self_link": "https://www.googleapis.com/compute/v1/projects/gdg-kolachi-2019/zones/us-central1-a/instances/gdg-kolachi-2019",
            "service_account": [],
            "shielded_instance_config": [],
            "tags": [
              "gdg"
            ],
            "tags_fingerprint": "oZJ_QbHZ_ZQ=",
            "timeouts": null,
            "zone": "us-central1-a"
          }
        }
      ]
    }
  ]
}
